
Microsoft Visual Studio Solution File, Format Version 12.00
# Visual Studio Version 17
VisualStudioVersion = 17.1.32421.90
MinimumVisualStudioVersion = 10.0.40219.1
Project("{FAE04EC0-301F-11D3-BF4B-00C04F79EFBC}") = "Sheltered 2 SE", "Sheltered 2 SE.csproj", "{D458CB08-201E-43D0-91D0-117F57070495}"
EndProject
Global
	GlobalSection(SolutionConfigurationPlatforms) = preSolution
		Debug|Any CPU = Debug|Any CPU
		Release|Any CPU = Release|Any CPU
	EndGlobalSection
	GlobalSection(ProjectConfigurationPlatforms) = postSolution
		{D458CB08-201E-43D0-91D0-117F57070495}.Debug|Any CPU.ActiveCfg = Debug|Any CPU
		{D458CB08-201E-43D0-91D0-117F57070495}.Debug|Any CPU.Build.0 = Debug|Any CPU
		{D458CB08-201E-43D0-91D0-117F57070495}.Release|Any CPU.ActiveCfg = Release|Any CPU
		{D458CB08-201E-43D0-91D0-117F57070495}.Release|Any CPU.Build.0 = Release|Any CPU
	EndGlobalSection
	GlobalSection(SolutionProperties) = preSolution
		HideSolutionNode = FALSE
	EndGlobalSection
	GlobalSection(ExtensibilityGlobals) = postSolution
		SolutionGuid = {9BBB9564-C305-4BFD-A126-E6C07D3F974D}
	EndGlobalSection
EndGlobal
